
Microsoft Visual Studio Solution File, Format Version 12.00
Project("{FAE04EC0-301F-11D3-BF4B-00C04F79EFBC}") = "ml-knn", "ml-knn\ml-knn.csproj", "{7AD897BB-816D-4E3C-9D03-0F4E9880934E}"
EndProject
Project("{FAE04EC0-301F-11D3-BF4B-00C04F79EFBC}") = "Iris", "Iris\Iris.csproj", "{3154504C-BF51-4C25-99BF-F87998750FD6}"
EndProject
Project("{FAE04EC0-301F-11D3-BF4B-00C04F79EFBC}") = "Iris.Tests", "Iris.Tests\Iris.Tests.csproj", "{069D4ACE-50CD-4FE6-9BB7-39887DD4D0EF}"
EndProject
Global
	GlobalSection(SolutionConfigurationPlatforms) = preSolution
		Debug|Any CPU = Debug|Any CPU
		Release|Any CPU = Release|Any CPU
	EndGlobalSection
	GlobalSection(ProjectConfigurationPlatforms) = postSolution
		{7AD897BB-816D-4E3C-9D03-0F4E9880934E}.Debug|Any CPU.ActiveCfg = Debug|Any CPU
		{7AD897BB-816D-4E3C-9D03-0F4E9880934E}.Debug|Any CPU.Build.0 = Debug|Any CPU
		{7AD897BB-816D-4E3C-9D03-0F4E9880934E}.Release|Any CPU.ActiveCfg = Release|Any CPU
		{7AD897BB-816D-4E3C-9D03-0F4E9880934E}.Release|Any CPU.Build.0 = Release|Any CPU
		{3154504C-BF51-4C25-99BF-F87998750FD6}.Debug|Any CPU.ActiveCfg = Debug|Any CPU
		{3154504C-BF51-4C25-99BF-F87998750FD6}.Debug|Any CPU.Build.0 = Debug|Any CPU
		{3154504C-BF51-4C25-99BF-F87998750FD6}.Release|Any CPU.ActiveCfg = Release|Any CPU
		{3154504C-BF51-4C25-99BF-F87998750FD6}.Release|Any CPU.Build.0 = Release|Any CPU
		{069D4ACE-50CD-4FE6-9BB7-39887DD4D0EF}.Debug|Any CPU.ActiveCfg = Debug|Any CPU
		{069D4ACE-50CD-4FE6-9BB7-39887DD4D0EF}.Debug|Any CPU.Build.0 = Debug|Any CPU
		{069D4ACE-50CD-4FE6-9BB7-39887DD4D0EF}.Release|Any CPU.ActiveCfg = Release|Any CPU
		{069D4ACE-50CD-4FE6-9BB7-39887DD4D0EF}.Release|Any CPU.Build.0 = Release|Any CPU
	EndGlobalSection
EndGlobal
